
Microsoft Visual Studio Solution File, Format Version 12.00
# Visual Studio Version 16
VisualStudioVersion = 16.0.31501.217
MinimumVisualStudioVersion = 10.0.40219.1
Project("{FAE04EC0-301F-11D3-BF4B-00C04F79EFBC}") = "WebApplication2", "WebApplication2\WebApplication2.csproj", "{832CA976-F970-4FEE-BB9F-40BA5C5808CE}"
EndProject
Global
	GlobalSection(SolutionConfigurationPlatforms) = preSolution
		Debug|Any CPU = Debug|Any CPU
		Release|Any CPU = Release|Any CPU
	EndGlobalSection
	GlobalSection(ProjectConfigurationPlatforms) = postSolution
		{832CA976-F970-4FEE-BB9F-40BA5C5808CE}.Debug|Any CPU.ActiveCfg = Debug|Any CPU
		{832CA976-F970-4FEE-BB9F-40BA5C5808CE}.Debug|Any CPU.Build.0 = Debug|Any CPU
		{832CA976-F970-4FEE-BB9F-40BA5C5808CE}.Release|Any CPU.ActiveCfg = Release|Any CPU
		{832CA976-F970-4FEE-BB9F-40BA5C5808CE}.Release|Any CPU.Build.0 = Release|Any CPU
	EndGlobalSection
	GlobalSection(SolutionProperties) = preSolution
		HideSolutionNode = FALSE
	EndGlobalSection
	GlobalSection(ExtensibilityGlobals) = postSolution
		SolutionGuid = {9839AF0A-4DF6-452A-8524-95F7B5264D2B}
	EndGlobalSection
EndGlobal
